
Microsoft Visual Studio Solution File, Format Version 12.00
# Visual Studio 15
VisualStudioVersion = 15.0.28307.168
MinimumVisualStudioVersion = 10.0.40219.1
Project("{FAE04EC0-301F-11D3-BF4B-00C04F79EFBC}") = "auis_rooms", "auis_rooms\auis_rooms.csproj", "{EDE6E6F7-B154-40EC-A28A-8197618370D6}"
EndProject
Global
	GlobalSection(SolutionConfigurationPlatforms) = preSolution
		Debug|Any CPU = Debug|Any CPU
		Release|Any CPU = Release|Any CPU
	EndGlobalSection
	GlobalSection(ProjectConfigurationPlatforms) = postSolution
		{EDE6E6F7-B154-40EC-A28A-8197618370D6}.Debug|Any CPU.ActiveCfg = Debug|Any CPU
		{EDE6E6F7-B154-40EC-A28A-8197618370D6}.Debug|Any CPU.Build.0 = Debug|Any CPU
		{EDE6E6F7-B154-40EC-A28A-8197618370D6}.Release|Any CPU.ActiveCfg = Release|Any CPU
		{EDE6E6F7-B154-40EC-A28A-8197618370D6}.Release|Any CPU.Build.0 = Release|Any CPU
	EndGlobalSection
	GlobalSection(SolutionProperties) = preSolution
		HideSolutionNode = FALSE
	EndGlobalSection
	GlobalSection(ExtensibilityGlobals) = postSolution
		SolutionGuid = {5EE39833-7A4B-4950-A6D0-F3689D0FB9B9}
	EndGlobalSection
EndGlobal
